
Microsoft Visual Studio Solution File, Format Version 12.00
# Visual Studio Version 16
VisualStudioVersion = 16.0.32428.217
MinimumVisualStudioVersion = 10.0.40219.1
Project("{8BC9CEB8-8B4A-11D0-8D11-00A0C91BC942}") = "运算符22_06_01", "运算符22_06_01\运算符22_06_01.vcxproj", "{A262F9C6-CADB-43BC-B8DB-02EBBB9948FB}"
EndProject
Global
	GlobalSection(SolutionConfigurationPlatforms) = preSolution
		Debug|x64 = Debug|x64
		Debug|x86 = Debug|x86
		Release|x64 = Release|x64
		Release|x86 = Release|x86
	EndGlobalSection
	GlobalSection(ProjectConfigurationPlatforms) = postSolution
		{A262F9C6-CADB-43BC-B8DB-02EBBB9948FB}.Debug|x64.ActiveCfg = Debug|x64
		{A262F9C6-CADB-43BC-B8DB-02EBBB9948FB}.Debug|x64.Build.0 = Debug|x64
		{A262F9C6-CADB-43BC-B8DB-02EBBB9948FB}.Debug|x86.ActiveCfg = Debug|Win32
		{A262F9C6-CADB-43BC-B8DB-02EBBB9948FB}.Debug|x86.Build.0 = Debug|Win32
		{A262F9C6-CADB-43BC-B8DB-02EBBB9948FB}.Release|x64.ActiveCfg = Release|x64
		{A262F9C6-CADB-43BC-B8DB-02EBBB9948FB}.Release|x64.Build.0 = Release|x64
		{A262F9C6-CADB-43BC-B8DB-02EBBB9948FB}.Release|x86.ActiveCfg = Release|Win32
		{A262F9C6-CADB-43BC-B8DB-02EBBB9948FB}.Release|x86.Build.0 = Release|Win32
	EndGlobalSection
	GlobalSection(SolutionProperties) = preSolution
		HideSolutionNode = FALSE
	EndGlobalSection
	GlobalSection(ExtensibilityGlobals) = postSolution
		SolutionGuid = {1A117B07-5FD2-4BF3-A761-C9E30851AC7A}
	EndGlobalSection
EndGlobal
